
Microsoft Visual Studio Solution File, Format Version 12.00
# Visual Studio Version 17
VisualStudioVersion = 17.2.32630.192
MinimumVisualStudioVersion = 10.0.40219.1
Project("{9A19103F-16F7-4668-BE54-9A1E7A4F7556}") = "LeetCodeSolutios", "DesignPattern\LeetCodeSolutios.csproj", "{4EBE965E-2623-428C-94A7-958DE5673CF5}"
EndProject
Global
	GlobalSection(SolutionConfigurationPlatforms) = preSolution
		Debug|Any CPU = Debug|Any CPU
		Release|Any CPU = Release|Any CPU
	EndGlobalSection
	GlobalSection(ProjectConfigurationPlatforms) = postSolution
		{4EBE965E-2623-428C-94A7-958DE5673CF5}.Debug|Any CPU.ActiveCfg = Debug|Any CPU
		{4EBE965E-2623-428C-94A7-958DE5673CF5}.Debug|Any CPU.Build.0 = Debug|Any CPU
		{4EBE965E-2623-428C-94A7-958DE5673CF5}.Release|Any CPU.ActiveCfg = Release|Any CPU
		{4EBE965E-2623-428C-94A7-958DE5673CF5}.Release|Any CPU.Build.0 = Release|Any CPU
	EndGlobalSection
	GlobalSection(SolutionProperties) = preSolution
		HideSolutionNode = FALSE
	EndGlobalSection
	GlobalSection(ExtensibilityGlobals) = postSolution
		SolutionGuid = {8F7F3393-5BA7-4D47-9EF1-BD4AD53A3DD0}
	EndGlobalSection
EndGlobal
